# Generated by pub
# See https://dart.dev/tools/pub/glossary#lockfile
packages:
  _fe_analyzer_shared:
    dependency: transitive
    description:
      name: _fe_analyzer_shared
      sha256: "0b2f2bd91ba804e53a61d757b986f89f1f9eaed5b11e4b2f5a2468d86d6c9fc7"
      url: "https://pub.dev"
    source: hosted
    version: "67.0.0"
  adaptive_golden_test:
    dependency: transitive
    description:
      name: adaptive_golden_test
      sha256: "8db8578cd023401d8fc37dd7aab6cc1474bad90e473ac80cfec0a7cabec28d41"
      url: "https://pub.dev"
    source: hosted
    version: "1.0.0"
  analyzer:
    dependency: transitive
    description:
      name: analyzer
      sha256: "37577842a27e4338429a1cbc32679d508836510b056f1eedf0c8d20e39c1383d"
      url: "https://pub.dev"
    source: hosted
    version: "6.4.1"
  android_device_id_generator:
    dependency: "direct main"
    description:
      name: android_device_id_generator
      sha256: "7fc8ac9a844fca17f4fbca15f640684a18fc9a8d7578f4c832cc0f2723303e4e"
      url: "https://pub.dev"
    source: hosted
    version: "0.1.1"
  ansicolor:
    dependency: transitive
    description:
      name: ansicolor
      sha256: "8bf17a8ff6ea17499e40a2d2542c2f481cd7615760c6d34065cb22bfd22e6880"
      url: "https://pub.dev"
    source: hosted
    version: "2.0.2"
  any_syntax_highlighter:
    dependency: transitive
    description:
      name: any_syntax_highlighter
      sha256: "9afce8a45ae6eaf2a64ce6a93f0d4b3730cb9ff80506aefec30efb17f332a7f1"
      url: "https://pub.dev"
    source: hosted
    version: "0.0.13"
  archive:
    dependency: transitive
    description:
      name: archive
      sha256: cb6a278ef2dbb298455e1a713bda08524a175630ec643a242c399c932a0a1f7d
      url: "https://pub.dev"
    source: hosted
    version: "3.6.1"
  args:
    dependency: transitive
    description:
      name: args
      sha256: "7cf60b9f0cc88203c5a190b4cd62a99feea42759a7fa695010eb5de1c0b2252a"
      url: "https://pub.dev"
    source: hosted
    version: "2.5.0"
  art_buttons_kh:
    dependency: transitive
    description:
      name: art_buttons_kh
      sha256: f06a3bf2e27856ff3d4c7bb650b517168dfab66e78014ddf78d3669cd2f5ca60
      url: "https://pub.dev"
    source: hosted
    version: "0.0.7"
  async:
    dependency: transitive
    description:
      name: async
      sha256: "947bfcf187f74dbc5e146c9eb9c0f10c9f8b30743e341481c1e2ed3ecc18c20c"
      url: "https://pub.dev"
    source: hosted
    version: "2.11.0"
  auto_injector:
    dependency: "direct main"
    description:
      name: auto_injector
      sha256: b5c2874d1bb1b92851955a1ac93802e54cf3f24ba40b98dfc4e4b0b2b4b0ae3f
      url: "https://pub.dev"
    source: hosted
    version: "2.0.4"
  awesome_notifications:
    dependency: "direct main"
    description:
      name: awesome_notifications
      sha256: d9e46ce7f5171ee1e9b1c5bc6dc40bd77528561f592842ce97ce3a0a9ae155ef
      url: "https://pub.dev"
    source: hosted
    version: "0.9.3+1"
  awesome_notifications_core:
    dependency: "direct main"
    description:
      name: awesome_notifications_core
      sha256: "38c9f9d2618c0c2abe0cea267dc161aa8c4a0a239ca2263400900b9610f33e6f"
      url: "https://pub.dev"
    source: hosted
    version: "0.9.3"
  bloc:
    dependency: "direct main"
    description:
      name: bloc
      sha256: "106842ad6569f0b60297619e9e0b1885c2fb9bf84812935490e6c5275777804e"
      url: "https://pub.dev"
    source: hosted
    version: "8.1.4"
  bloc_test:
    dependency: "direct main"
    description:
      name: bloc_test
      sha256: "165a6ec950d9252ebe36dc5335f2e6eb13055f33d56db0eeb7642768849b43d2"
      url: "https://pub.dev"
    source: hosted
    version: "9.1.7"
  boolean_selector:
    dependency: transitive
    description:
      name: boolean_selector
      sha256: "6cfb5af12253eaf2b368f07bacc5a80d1301a071c73360d746b7f2e32d762c66"
      url: "https://pub.dev"
    source: hosted
    version: "2.1.1"
  build:
    dependency: transitive
    description:
      name: build
      sha256: "80184af8b6cb3e5c1c4ec6d8544d27711700bc3e6d2efad04238c7b5290889f0"
      url: "https://pub.dev"
    source: hosted
    version: "2.4.1"
  build_config:
    dependency: transitive
    description:
      name: build_config
      sha256: bf80fcfb46a29945b423bd9aad884590fb1dc69b330a4d4700cac476af1708d1
      url: "https://pub.dev"
    source: hosted
    version: "1.1.1"
  build_daemon:
    dependency: transitive
    description:
      name: build_daemon
      sha256: "79b2aef6ac2ed00046867ed354c88778c9c0f029df8a20fe10b5436826721ef9"
      url: "https://pub.dev"
    source: hosted
    version: "4.0.2"
  build_resolvers:
    dependency: transitive
    description:
      name: build_resolvers
      sha256: "339086358431fa15d7eca8b6a36e5d783728cf025e559b834f4609a1fcfb7b0a"
      url: "https://pub.dev"
    source: hosted
    version: "2.4.2"
  build_runner:
    dependency: "direct dev"
    description:
      name: build_runner
      sha256: "644dc98a0f179b872f612d3eb627924b578897c629788e858157fa5e704ca0c7"
      url: "https://pub.dev"
    source: hosted
    version: "2.4.11"
  build_runner_core:
    dependency: transitive
    description:
      name: build_runner_core
      sha256: e3c79f69a64bdfcd8a776a3c28db4eb6e3fb5356d013ae5eb2e52007706d5dbe
      url: "https://pub.dev"
    source: hosted
    version: "7.3.1"
  build_test:
    dependency: transitive
    description:
      name: build_test
      sha256: "260dbba934f41b0a42935e9cae1f5731b94f0c3e489dc97bcf8e281265aaa5ae"
      url: "https://pub.dev"
    source: hosted
    version: "2.2.2"
  built_collection:
    dependency: transitive
    description:
      name: built_collection
      sha256: "376e3dd27b51ea877c28d525560790aee2e6fbb5f20e2f85d5081027d94e2100"
      url: "https://pub.dev"
    source: hosted
    version: "5.1.1"
  built_value:
    dependency: transitive
    description:
      name: built_value
      sha256: c7913a9737ee4007efedaffc968c049fd0f3d0e49109e778edc10de9426005cb
      url: "https://pub.dev"
    source: hosted
    version: "8.9.2"
  characters:
    dependency: transitive
    description:
      name: characters
      sha256: "04a925763edad70e8443c99234dc3328f442e811f1d8fd1a72f1c8ad0f69a605"
      url: "https://pub.dev"
    source: hosted
    version: "1.3.0"
  checked_yaml:
    dependency: transitive
    description:
      name: checked_yaml
      sha256: feb6bed21949061731a7a75fc5d2aa727cf160b91af9a3e464c5e3a32e28b5ff
      url: "https://pub.dev"
    source: hosted
    version: "2.0.3"
  class_to_string:
    dependency: transitive
    description:
      name: class_to_string
      sha256: bc66a0231ce9f96708d653b57269b6835058cf5ab8e34a8ef29cfa9dfb19b0a9
      url: "https://pub.dev"
    source: hosted
    version: "1.0.0"
  cli_util:
    dependency: transitive
    description:
      name: cli_util
      sha256: c05b7406fdabc7a49a3929d4af76bcaccbbffcbcdcf185b082e1ae07da323d19
      url: "https://pub.dev"
    source: hosted
    version: "0.4.1"
  clock:
    dependency: transitive
    description:
      name: clock
      sha256: cb6d7f03e1de671e34607e909a7213e31d7752be4fb66a86d29fe1eb14bfb5cf
      url: "https://pub.dev"
    source: hosted
    version: "1.1.1"
  code_builder:
    dependency: transitive
    description:
      name: code_builder
      sha256: f692079e25e7869c14132d39f223f8eec9830eb76131925143b2129c4bb01b37
      url: "https://pub.dev"
    source: hosted
    version: "4.10.0"
  collection:
    dependency: transitive
    description:
      name: collection
      sha256: ee67cb0715911d28db6bf4af1026078bd6f0128b07a5f66fb2ed94ec6783c09a
      url: "https://pub.dev"
    source: hosted
    version: "1.18.0"
  connectivity_plus:
    dependency: transitive
    description:
      name: connectivity_plus
      sha256: "224a77051d52a11fbad53dd57827594d3bd24f945af28bd70bab376d68d437f0"
      url: "https://pub.dev"
    source: hosted
    version: "5.0.2"
  connectivity_plus_platform_interface:
    dependency: transitive
    description:
      name: connectivity_plus_platform_interface
      sha256: cf1d1c28f4416f8c654d7dc3cd638ec586076255d407cef3ddbdaf178272a71a
      url: "https://pub.dev"
    source: hosted
    version: "1.2.4"
  convert:
    dependency: transitive
    description:
      name: convert
      sha256: "0f08b14755d163f6e2134cb58222dd25ea2a2ee8a195e53983d57c075324d592"
      url: "https://pub.dev"
    source: hosted
    version: "3.1.1"
  coverage:
    dependency: transitive
    description:
      name: coverage
      sha256: "3945034e86ea203af7a056d98e98e42a5518fff200d6e8e6647e1886b07e936e"
      url: "https://pub.dev"
    source: hosted
    version: "1.8.0"
  cross_file:
    dependency: transitive
    description:
      name: cross_file
      sha256: "55d7b444feb71301ef6b8838dbc1ae02e63dd48c8773f3810ff53bb1e2945b32"
      url: "https://pub.dev"
    source: hosted
    version: "0.3.4+1"
  crypto:
    dependency: "direct main"
    description:
      name: crypto
      sha256: ff625774173754681d66daaf4a448684fb04b78f902da9cb3d308c19cc5e8bab
      url: "https://pub.dev"
    source: hosted
    version: "3.0.3"
  csslib:
    dependency: transitive
    description:
      name: csslib
      sha256: "706b5707578e0c1b4b7550f64078f0a0f19dec3f50a178ffae7006b0a9ca58fb"
      url: "https://pub.dev"
    source: hosted
    version: "1.0.0"
  csv:
    dependency: transitive
    description:
      name: csv
      sha256: c6aa2679b2a18cb57652920f674488d89712efaf4d3fdf2e537215b35fc19d6c
      url: "https://pub.dev"
    source: hosted
    version: "6.0.0"
  cupertino_icons:
    dependency: "direct main"
    description:
      name: cupertino_icons
      sha256: ba631d1c7f7bef6b729a622b7b752645a2d076dba9976925b8f25725a30e1ee6
      url: "https://pub.dev"
    source: hosted
    version: "1.0.8"
  dart_style:
    dependency: transitive
    description:
      name: dart_style
      sha256: "99e066ce75c89d6b29903d788a7bb9369cf754f7b24bf70bf4b6d6d6b26853b9"
      url: "https://pub.dev"
    source: hosted
    version: "2.3.6"
  dbus:
    dependency: transitive
    description:
      name: dbus
      sha256: "365c771ac3b0e58845f39ec6deebc76e3276aa9922b0cc60840712094d9047ac"
      url: "https://pub.dev"
    source: hosted
    version: "0.7.10"
  design_package_example:
    dependency: "direct main"
    description:
      path: "."
      ref: HEAD
      resolved-ref: ef72447c82c8c2a8d17d6c073cd8d59776464f2b
      url: "git@github.com:mjablecnik/design_package_example.git"
    source: git
    version: "1.0.0+1"
  device_frame_plus:
    dependency: transitive
    description:
      name: device_frame_plus
      sha256: e6c627bc3568335c16ca7714b14e72c16832edaf7d04825867d50c76411e0d8b
      url: "https://pub.dev"
    source: hosted
    version: "1.2.2"
  device_info_plus:
    dependency: "direct main"
    description:
      name: device_info_plus
      sha256: "93429694c9253d2871b3af80cf11b3cbb5c65660d402ed7bf69854ce4a089f82"
      url: "https://pub.dev"
    source: hosted
    version: "10.1.1"
  device_info_plus_platform_interface:
    dependency: transitive
    description:
      name: device_info_plus_platform_interface
      sha256: "282d3cf731045a2feb66abfe61bbc40870ae50a3ed10a4d3d217556c35c8c2ba"
      url: "https://pub.dev"
    source: hosted
    version: "7.0.1"
  diff_match_patch:
    dependency: transitive
    description:
      name: diff_match_patch
      sha256: "2efc9e6e8f449d0abe15be240e2c2a3bcd977c8d126cfd70598aee60af35c0a4"
      url: "https://pub.dev"
    source: hosted
    version: "0.4.1"
  dio:
    dependency: "direct main"
    description:
      name: dio
      sha256: e17f6b3097b8c51b72c74c9f071a605c47bcc8893839bd66732457a5ebe73714
      url: "https://pub.dev"
    source: hosted
    version: "5.5.0+1"
  dio_web_adapter:
    dependency: transitive
    description:
      name: dio_web_adapter
      sha256: "36c5b2d79eb17cdae41e974b7a8284fec631651d2a6f39a8a2ff22327e90aeac"
      url: "https://pub.dev"
    source: hosted
    version: "1.0.1"
  fading_edge_scrollview:
    dependency: transitive
    description:
      name: fading_edge_scrollview
      sha256: "1f84fe3ea8e251d00d5735e27502a6a250e4aa3d3b330d3fdcb475af741464ef"
      url: "https://pub.dev"
    source: hosted
    version: "4.1.1"
  fake_async:
    dependency: transitive
    description:
      name: fake_async
      sha256: "511392330127add0b769b75a987850d136345d9227c6b94c96a04cf4a391bf78"
      url: "https://pub.dev"
    source: hosted
    version: "1.3.1"
  ffi:
    dependency: transitive
    description:
      name: ffi
      sha256: "493f37e7df1804778ff3a53bd691d8692ddf69702cf4c1c1096a2e41b4779e21"
      url: "https://pub.dev"
    source: hosted
    version: "2.1.2"
  file:
    dependency: transitive
    description:
      name: file
      sha256: "5fc22d7c25582e38ad9a8515372cd9a93834027aacf1801cf01164dac0ffa08c"
      url: "https://pub.dev"
    source: hosted
    version: "7.0.0"
  fixnum:
    dependency: transitive
    description:
      name: fixnum
      sha256: "25517a4deb0c03aa0f32fd12db525856438902d9c16536311e76cdc57b31d7d1"
      url: "https://pub.dev"
    source: hosted
    version: "1.1.0"
  flutter:
    dependency: "direct main"
    description: flutter
    source: sdk
    version: "0.0.0"
  flutter_bloc:
    dependency: "direct main"
    description:
      name: flutter_bloc
      sha256: b594505eac31a0518bdcb4b5b79573b8d9117b193cc80cc12e17d639b10aa27a
      url: "https://pub.dev"
    source: hosted
    version: "8.1.6"
  flutter_form_builder:
    dependency: "direct main"
    description:
      name: flutter_form_builder
      sha256: "447f8808f68070f7df968e8063aada3c9d2e90e789b5b70f3b44e4b315212656"
      url: "https://pub.dev"
    source: hosted
    version: "9.3.0"
  flutter_keyboard_visibility:
    dependency: "direct main"
    description:
      name: flutter_keyboard_visibility
      sha256: "98664be7be0e3ffca00de50f7f6a287ab62c763fc8c762e0a21584584a3ff4f8"
      url: "https://pub.dev"
    source: hosted
    version: "6.0.0"
  flutter_keyboard_visibility_linux:
    dependency: transitive
    description:
      name: flutter_keyboard_visibility_linux
      sha256: "6fba7cd9bb033b6ddd8c2beb4c99ad02d728f1e6e6d9b9446667398b2ac39f08"
      url: "https://pub.dev"
    source: hosted
    version: "1.0.0"
  flutter_keyboard_visibility_macos:
    dependency: transitive
    description:
      name: flutter_keyboard_visibility_macos
      sha256: c5c49b16fff453dfdafdc16f26bdd8fb8d55812a1d50b0ce25fc8d9f2e53d086
      url: "https://pub.dev"
    source: hosted
    version: "1.0.0"
  flutter_keyboard_visibility_platform_interface:
    dependency: transitive
    description:
      name: flutter_keyboard_visibility_platform_interface
      sha256: e43a89845873f7be10cb3884345ceb9aebf00a659f479d1c8f4293fcb37022a4
      url: "https://pub.dev"
    source: hosted
    version: "2.0.0"
  flutter_keyboard_visibility_web:
    dependency: transitive
    description:
      name: flutter_keyboard_visibility_web
      sha256: d3771a2e752880c79203f8d80658401d0c998e4183edca05a149f5098ce6e3d1
      url: "https://pub.dev"
    source: hosted
    version: "2.0.0"
  flutter_keyboard_visibility_windows:
    dependency: transitive
    description:
      name: flutter_keyboard_visibility_windows
      sha256: fc4b0f0b6be9b93ae527f3d527fb56ee2d918cd88bbca438c478af7bcfd0ef73
      url: "https://pub.dev"
    source: hosted
    version: "1.0.0"
  flutter_launcher_icons:
    dependency: "direct dev"
    description:
      name: flutter_launcher_icons
      sha256: "526faf84284b86a4cb36d20a5e45147747b7563d921373d4ee0559c54fcdbcea"
      url: "https://pub.dev"
    source: hosted
    version: "0.13.1"
  flutter_lints:
    dependency: "direct dev"
    description:
      name: flutter_lints
      sha256: "3f41d009ba7172d5ff9be5f6e6e6abb4300e263aab8866d2a0842ed2a70f8f0c"
      url: "https://pub.dev"
    source: hosted
    version: "4.0.0"
  flutter_localizations:
    dependency: "direct main"
    description: flutter
    source: sdk
    version: "0.0.0"
  flutter_offline:
    dependency: "direct main"
    description:
      name: flutter_offline
      sha256: "3d569b2e0ae76366e66eea76cbf303b8a882ed657fdf2ac9dc2e8a58288a30d2"
      url: "https://pub.dev"
    source: hosted
    version: "3.0.1"
  flutter_secure_storage:
    dependency: "direct main"
    description:
      name: flutter_secure_storage
      sha256: "165164745e6afb5c0e3e3fcc72a012fb9e58496fb26ffb92cf22e16a821e85d0"
      url: "https://pub.dev"
    source: hosted
    version: "9.2.2"
  flutter_secure_storage_linux:
    dependency: transitive
    description:
      name: flutter_secure_storage_linux
      sha256: "4d91bfc23047422cbcd73ac684bc169859ee766482517c22172c86596bf1464b"
      url: "https://pub.dev"
    source: hosted
    version: "1.2.1"
  flutter_secure_storage_macos:
    dependency: transitive
    description:
      name: flutter_secure_storage_macos
      sha256: "1693ab11121a5f925bbea0be725abfcfbbcf36c1e29e571f84a0c0f436147a81"
      url: "https://pub.dev"
    source: hosted
    version: "3.1.2"
  flutter_secure_storage_platform_interface:
    dependency: transitive
    description:
      name: flutter_secure_storage_platform_interface
      sha256: cf91ad32ce5adef6fba4d736a542baca9daf3beac4db2d04be350b87f69ac4a8
      url: "https://pub.dev"
    source: hosted
    version: "1.1.2"
  flutter_secure_storage_web:
    dependency: transitive
    description:
      name: flutter_secure_storage_web
      sha256: f4ebff989b4f07b2656fb16b47852c0aab9fed9b4ec1c70103368337bc1886a9
      url: "https://pub.dev"
    source: hosted
    version: "1.2.1"
  flutter_secure_storage_windows:
    dependency: transitive
    description:
      name: flutter_secure_storage_windows
      sha256: b20b07cb5ed4ed74fc567b78a72936203f587eba460af1df11281c9326cd3709
      url: "https://pub.dev"
    source: hosted
    version: "3.1.2"
  flutter_test:
    dependency: "direct dev"
    description: flutter
    source: sdk
    version: "0.0.0"
  flutter_web_plugins:
    dependency: transitive
    description: flutter
    source: sdk
    version: "0.0.0"
  form_builder_validators:
    dependency: "direct main"
    description:
      name: form_builder_validators
      sha256: c61ed7b1deecf0e1ebe49e2fa79e3283937c5a21c7e48e3ed9856a4a14e1191a
      url: "https://pub.dev"
    source: hosted
    version: "11.0.0"
  freezed:
    dependency: "direct main"
    description:
      name: freezed
      sha256: "57247f692f35f068cae297549a46a9a097100685c6780fe67177503eea5ed4e5"
      url: "https://pub.dev"
    source: hosted
    version: "2.4.7"
  freezed_annotation:
    dependency: "direct main"
    description:
      name: freezed_annotation
      sha256: c3fd9336eb55a38cc1bbd79ab17573113a8deccd0ecbbf926cca3c62803b5c2d
      url: "https://pub.dev"
    source: hosted
    version: "2.4.1"
  frontend_server_client:
    dependency: transitive
    description:
      name: frontend_server_client
      sha256: f64a0333a82f30b0cca061bc3d143813a486dc086b574bfb233b7c1372427694
      url: "https://pub.dev"
    source: hosted
    version: "4.0.0"
  glob:
    dependency: transitive
    description:
      name: glob
      sha256: "0e7014b3b7d4dac1ca4d6114f82bf1782ee86745b9b42a92c9289c23d8a0ab63"
      url: "https://pub.dev"
    source: hosted
    version: "2.1.2"
  go_router:
    dependency: transitive
    description:
      name: go_router
      sha256: c5fa45fa502ee880839e3b2152d987c44abae26d064a2376d4aad434cf0f7b15
      url: "https://pub.dev"
    source: hosted
    version: "12.1.3"
  google_fonts:
    dependency: transitive
    description:
      name: google_fonts
      sha256: "2776c66b3e97c6cdd58d1bd3281548b074b64f1fd5c8f82391f7456e38849567"
      url: "https://pub.dev"
    source: hosted
    version: "4.0.5"
  graphs:
    dependency: transitive
    description:
      name: graphs
      sha256: "741bbf84165310a68ff28fe9e727332eef1407342fca52759cb21ad8177bb8d0"
      url: "https://pub.dev"
    source: hosted
    version: "2.3.2"
  group_button:
    dependency: transitive
    description:
      name: group_button
      sha256: "0610fcf28ed122bfb4b410fce161a390f7f2531d55d1d65c5375982001415940"
      url: "https://pub.dev"
    source: hosted
    version: "5.3.4"
  html:
    dependency: transitive
    description:
      name: html
      sha256: "3a7812d5bcd2894edf53dfaf8cd640876cf6cef50a8f238745c8b8120ea74d3a"
      url: "https://pub.dev"
    source: hosted
    version: "0.15.4"
  http:
    dependency: transitive
    description:
      name: http
      sha256: b9c29a161230ee03d3ccf545097fccd9b87a5264228c5d348202e0f0c28f9010
      url: "https://pub.dev"
    source: hosted
    version: "1.2.2"
  http_multi_server:
    dependency: transitive
    description:
      name: http_multi_server
      sha256: "97486f20f9c2f7be8f514851703d0119c3596d14ea63227af6f7a481ef2b2f8b"
      url: "https://pub.dev"
    source: hosted
    version: "3.2.1"
  http_parser:
    dependency: transitive
    description:
      name: http_parser
      sha256: "2aa08ce0341cc9b354a498388e30986515406668dbcc4f7c950c3e715496693b"
      url: "https://pub.dev"
    source: hosted
    version: "4.0.2"
  image:
    dependency: transitive
    description:
      name: image
      sha256: "2237616a36c0d69aef7549ab439b833fb7f9fb9fc861af2cc9ac3eedddd69ca8"
      url: "https://pub.dev"
    source: hosted
    version: "4.2.0"
  internet_connection_checker:
    dependency: "direct main"
    description:
      name: internet_connection_checker
      sha256: "1c683e63e89c9ac66a40748b1b20889fd9804980da732bf2b58d6d5456c8e876"
      url: "https://pub.dev"
    source: hosted
    version: "1.0.0+1"
  intl:
    dependency: transitive
    description:
      name: intl
      sha256: d6f56758b7d3014a48af9701c085700aac781a92a87a62b1333b46d8879661cf
      url: "https://pub.dev"
    source: hosted
    version: "0.19.0"
  io:
    dependency: transitive
    description:
      name: io
      sha256: "2ec25704aba361659e10e3e5f5d672068d332fc8ac516421d483a11e5cbd061e"
      url: "https://pub.dev"
    source: hosted
    version: "1.0.4"
  js:
    dependency: transitive
    description:
      name: js
      sha256: f2c445dce49627136094980615a031419f7f3eb393237e4ecd97ac15dea343f3
      url: "https://pub.dev"
    source: hosted
    version: "0.6.7"
  json2yaml:
    dependency: transitive
    description:
      name: json2yaml
      sha256: da94630fbc56079426fdd167ae58373286f603371075b69bf46d848d63ba3e51
      url: "https://pub.dev"
    source: hosted
    version: "3.0.1"
  json_annotation:
    dependency: "direct main"
    description:
      name: json_annotation
      sha256: "1ce844379ca14835a50d2f019a3099f419082cfdd231cd86a142af94dd5c6bb1"
      url: "https://pub.dev"
    source: hosted
    version: "4.9.0"
  json_serializable:
    dependency: "direct main"
    description:
      name: json_serializable
      sha256: ea1432d167339ea9b5bb153f0571d0039607a873d6e04e0117af043f14a1fd4b
      url: "https://pub.dev"
    source: hosted
    version: "6.8.0"
  leak_tracker:
    dependency: transitive
    description:
      name: leak_tracker
      sha256: "7f0df31977cb2c0b88585095d168e689669a2cc9b97c309665e3386f3e9d341a"
      url: "https://pub.dev"
    source: hosted
    version: "10.0.4"
  leak_tracker_flutter_testing:
    dependency: transitive
    description:
      name: leak_tracker_flutter_testing
      sha256: "06e98f569d004c1315b991ded39924b21af84cf14cc94791b8aea337d25b57f8"
      url: "https://pub.dev"
    source: hosted
    version: "3.0.3"
  leak_tracker_testing:
    dependency: transitive
    description:
      name: leak_tracker_testing
      sha256: "6ba465d5d76e67ddf503e1161d1f4a6bc42306f9d66ca1e8f079a47290fb06d3"
      url: "https://pub.dev"
    source: hosted
    version: "3.0.1"
  lints:
    dependency: transitive
    description:
      name: lints
      sha256: "976c774dd944a42e83e2467f4cc670daef7eed6295b10b36ae8c85bcbf828235"
      url: "https://pub.dev"
    source: hosted
    version: "4.0.0"
  logger:
    dependency: transitive
    description:
      name: logger
      sha256: "697d067c60c20999686a0add96cf6aba723b3aa1f83ecf806a8097231529ec32"
      url: "https://pub.dev"
    source: hosted
    version: "2.4.0"
  logging:
    dependency: transitive
    description:
      name: logging
      sha256: "623a88c9594aa774443aa3eb2d41807a48486b5613e67599fb4c41c0ad47c340"
      url: "https://pub.dev"
    source: hosted
    version: "1.2.0"
  matcher:
    dependency: transitive
    description:
      name: matcher
      sha256: d2323aa2060500f906aa31a895b4030b6da3ebdcc5619d14ce1aada65cd161cb
      url: "https://pub.dev"
    source: hosted
    version: "0.12.16+1"
  material_color_utilities:
    dependency: transitive
    description:
      name: material_color_utilities
      sha256: "0e0a020085b65b6083975e499759762399b4475f766c21668c4ecca34ea74e5a"
      url: "https://pub.dev"
    source: hosted
    version: "0.8.0"
  mek_data_class:
    dependency: "direct main"
    description:
      name: mek_data_class
      sha256: "8c31dc171e96d8e69741b55b4c5b35a56c22a3cac5b94cb3c6c363aaaf71e685"
      url: "https://pub.dev"
    source: hosted
    version: "1.4.0"
  mek_data_class_generator:
    dependency: "direct dev"
    description:
      name: mek_data_class_generator
      sha256: "53fe117a5e9cf068746a7ca96013abd687471c9d87ce1139e8e3a5c93efee4e5"
      url: "https://pub.dev"
    source: hosted
    version: "1.5.1"
  meta:
    dependency: transitive
    description:
      name: meta
      sha256: "7687075e408b093f36e6bbf6c91878cc0d4cd10f409506f7bc996f68220b9136"
      url: "https://pub.dev"
    source: hosted
    version: "1.12.0"
  mime:
    dependency: transitive
    description:
      name: mime
      sha256: "2e123074287cc9fd6c09de8336dae606d1ddb88d9ac47358826db698c176a1f2"
      url: "https://pub.dev"
    source: hosted
    version: "1.0.5"
  mobile_device_identifier:
    dependency: "direct main"
    description:
      name: mobile_device_identifier
      sha256: b59462637ed54a83766c4b955c0c87e010989ccfb0716c7e2ec21fc2939b08bf
      url: "https://pub.dev"
    source: hosted
    version: "0.0.2"
  mocktail:
    dependency: "direct main"
    description:
      name: mocktail
      sha256: "890df3f9688106f25755f26b1c60589a92b3ab91a22b8b224947ad041bf172d8"
      url: "https://pub.dev"
    source: hosted
    version: "1.0.4"
  modal_bottom_sheet:
    dependency: transitive
    description:
      name: modal_bottom_sheet
      sha256: eac66ef8cb0461bf069a38c5eb0fa728cee525a531a8304bd3f7b2185407c67e
      url: "https://pub.dev"
    source: hosted
    version: "3.0.0"
  nested:
    dependency: transitive
    description:
      name: nested
      sha256: "03bac4c528c64c95c722ec99280375a6f2fc708eec17c7b3f07253b626cd2a20"
      url: "https://pub.dev"
    source: hosted
    version: "1.0.0"
  network_info_plus:
    dependency: transitive
    description:
      name: network_info_plus
      sha256: "4601b815b1c6a46d84839f65cd774a7d999738471d910fae00d813e9e98b04e1"
      url: "https://pub.dev"
    source: hosted
    version: "4.1.0+1"
  network_info_plus_platform_interface:
    dependency: transitive
    description:
      name: network_info_plus_platform_interface
      sha256: "881f5029c5edaf19c616c201d3d8b366c5b1384afd5c1da5a49e4345de82fb8b"
      url: "https://pub.dev"
    source: hosted
    version: "1.1.3"
  nm:
    dependency: transitive
    description:
      name: nm
      sha256: "2c9aae4127bdc8993206464fcc063611e0e36e72018696cd9631023a31b24254"
      url: "https://pub.dev"
    source: hosted
    version: "0.5.0"
  node_preamble:
    dependency: transitive
    description:
      name: node_preamble
      sha256: "6e7eac89047ab8a8d26cf16127b5ed26de65209847630400f9aefd7cd5c730db"
      url: "https://pub.dev"
    source: hosted
    version: "2.0.2"
  package_config:
    dependency: transitive
    description:
      name: package_config
      sha256: "1c5b77ccc91e4823a5af61ee74e6b972db1ef98c2ff5a18d3161c982a55448bd"
      url: "https://pub.dev"
    source: hosted
    version: "2.1.0"
  package_info_plus:
    dependency: "direct main"
    description:
      name: package_info_plus
      sha256: "4de6c36df77ffbcef0a5aefe04669d33f2d18397fea228277b852a2d4e58e860"
      url: "https://pub.dev"
    source: hosted
    version: "8.0.1"
  package_info_plus_platform_interface:
    dependency: transitive
    description:
      name: package_info_plus_platform_interface
      sha256: ac1f4a4847f1ade8e6a87d1f39f5d7c67490738642e2542f559ec38c37489a66
      url: "https://pub.dev"
    source: hosted
    version: "3.0.1"
  package_rename:
    dependency: "direct dev"
    description:
      name: package_rename
      sha256: "69b30b62b540fe4637342a2d633b30d4f6475af65d3162b13d7750fe41b780c7"
      url: "https://pub.dev"
    source: hosted
    version: "1.7.0"
  path:
    dependency: transitive
    description:
      name: path
      sha256: "087ce49c3f0dc39180befefc60fdb4acd8f8620e5682fe2476afd0b3688bb4af"
      url: "https://pub.dev"
    source: hosted
    version: "1.9.0"
  path_provider:
    dependency: transitive
    description:
      name: path_provider
      sha256: c9e7d3a4cd1410877472158bee69963a4579f78b68c65a2b7d40d1a7a88bb161
      url: "https://pub.dev"
    source: hosted
    version: "2.1.3"
  path_provider_android:
    dependency: transitive
    description:
      name: path_provider_android
      sha256: e84c8a53fe1510ef4582f118c7b4bdf15b03002b51d7c2b66983c65843d61193
      url: "https://pub.dev"
    source: hosted
    version: "2.2.8"
  path_provider_foundation:
    dependency: transitive
    description:
      name: path_provider_foundation
      sha256: f234384a3fdd67f989b4d54a5d73ca2a6c422fa55ae694381ae0f4375cd1ea16
      url: "https://pub.dev"
    source: hosted
    version: "2.4.0"
  path_provider_linux:
    dependency: transitive
    description:
      name: path_provider_linux
      sha256: f7a1fe3a634fe7734c8d3f2766ad746ae2a2884abe22e241a8b301bf5cac3279
      url: "https://pub.dev"
    source: hosted
    version: "2.2.1"
  path_provider_platform_interface:
    dependency: transitive
    description:
      name: path_provider_platform_interface
      sha256: "88f5779f72ba699763fa3a3b06aa4bf6de76c8e5de842cf6f29e2e06476c2334"
      url: "https://pub.dev"
    source: hosted
    version: "2.1.2"
  path_provider_windows:
    dependency: transitive
    description:
      name: path_provider_windows
      sha256: bd6f00dbd873bfb70d0761682da2b3a2c2fccc2b9e84c495821639601d81afe7
      url: "https://pub.dev"
    source: hosted
    version: "2.3.0"
  petitparser:
    dependency: transitive
    description:
      name: petitparser
      sha256: c15605cd28af66339f8eb6fbe0e541bfe2d1b72d5825efc6598f3e0a31b9ad27
      url: "https://pub.dev"
    source: hosted
    version: "6.0.2"
  platform:
    dependency: transitive
    description:
      name: platform
      sha256: "9b71283fc13df574056616011fb138fd3b793ea47cc509c189a6c3fa5f8a1a65"
      url: "https://pub.dev"
    source: hosted
    version: "3.1.5"
  plugin_platform_interface:
    dependency: transitive
    description:
      name: plugin_platform_interface
      sha256: "4820fbfdb9478b1ebae27888254d445073732dae3d6ea81f0b7e06d5dedc3f02"
      url: "https://pub.dev"
    source: hosted
    version: "2.1.8"
  pointer_interceptor:
    dependency: transitive
    description:
      name: pointer_interceptor
      sha256: adf7a637f97c077041d36801b43be08559fd4322d2127b3f20bb7be1b9eebc22
      url: "https://pub.dev"
    source: hosted
    version: "0.9.3+7"
  pool:
    dependency: transitive
    description:
      name: pool
      sha256: "20fe868b6314b322ea036ba325e6fc0711a22948856475e2c2b6306e8ab39c2a"
      url: "https://pub.dev"
    source: hosted
    version: "1.5.1"
  provider:
    dependency: transitive
    description:
      name: provider
      sha256: c8a055ee5ce3fd98d6fc872478b03823ffdb448699c6ebdbbc71d59b596fd48c
      url: "https://pub.dev"
    source: hosted
    version: "6.1.2"
  pub_semver:
    dependency: transitive
    description:
      name: pub_semver
      sha256: "40d3ab1bbd474c4c2328c91e3a7df8c6dd629b79ece4c4bd04bee496a224fb0c"
      url: "https://pub.dev"
    source: hosted
    version: "2.1.4"
  pubspec_parse:
    dependency: transitive
    description:
      name: pubspec_parse
      sha256: c799b721d79eb6ee6fa56f00c04b472dcd44a30d258fac2174a6ec57302678f8
      url: "https://pub.dev"
    source: hosted
    version: "1.3.0"
  recase:
    dependency: transitive
    description:
      name: recase
      sha256: e4eb4ec2dcdee52dcf99cb4ceabaffc631d7424ee55e56f280bc039737f89213
      url: "https://pub.dev"
    source: hosted
    version: "4.1.0"
  sentry:
    dependency: transitive
    description:
      name: sentry
      sha256: "60756499f09c3ed944640d7993ac527a89f7c3033f13ec12ae145706b269b5c8"
      url: "https://pub.dev"
    source: hosted
    version: "8.5.0"
  sentry_flutter:
    dependency: "direct main"
    description:
      name: sentry_flutter
      sha256: "26cfe89cb08a60d9bc0c4e748a0508e223ae378265aec8ed2a2b48f0d2c936b9"
      url: "https://pub.dev"
    source: hosted
    version: "8.5.0"
  share_plus:
    dependency: transitive
    description:
      name: share_plus
      sha256: ef3489a969683c4f3d0239010cc8b7a2a46543a8d139e111c06c558875083544
      url: "https://pub.dev"
    source: hosted
    version: "9.0.0"
  share_plus_platform_interface:
    dependency: transitive
    description:
      name: share_plus_platform_interface
      sha256: "0f9e4418835d1b2c3ae78fdb918251959106cefdbc4dd43526e182f80e82f6d4"
      url: "https://pub.dev"
    source: hosted
    version: "4.0.0"
  shelf:
    dependency: transitive
    description:
      name: shelf
      sha256: ad29c505aee705f41a4d8963641f91ac4cee3c8fad5947e033390a7bd8180fa4
      url: "https://pub.dev"
    source: hosted
    version: "1.4.1"
  shelf_packages_handler:
    dependency: transitive
    description:
      name: shelf_packages_handler
      sha256: "89f967eca29607c933ba9571d838be31d67f53f6e4ee15147d5dc2934fee1b1e"
      url: "https://pub.dev"
    source: hosted
    version: "3.0.2"
  shelf_static:
    dependency: transitive
    description:
      name: shelf_static
      sha256: a41d3f53c4adf0f57480578c1d61d90342cd617de7fc8077b1304643c2d85c1e
      url: "https://pub.dev"
    source: hosted
    version: "1.1.2"
  shelf_web_socket:
    dependency: transitive
    description:
      name: shelf_web_socket
      sha256: "9ca081be41c60190ebcb4766b2486a7d50261db7bd0f5d9615f2d653637a84c1"
      url: "https://pub.dev"
    source: hosted
    version: "1.0.4"
  sky_engine:
    dependency: transitive
    description: flutter
    source: sdk
    version: "0.0.99"
  slang:
    dependency: "direct main"
    description:
      name: slang
      sha256: f68f6d6709890f85efabfb0318e9d694be2ebdd333e57fe5cb50eee449e4e3ab
      url: "https://pub.dev"
    source: hosted
    version: "3.31.1"
  slang_flutter:
    dependency: "direct main"
    description:
      name: slang_flutter
      sha256: f8400292be49c11697d94af58d7f7d054c91af759f41ffe71e4e5413871ffc62
      url: "https://pub.dev"
    source: hosted
    version: "3.31.0"
  source_gen:
    dependency: transitive
    description:
      name: source_gen
      sha256: "14658ba5f669685cd3d63701d01b31ea748310f7ab854e471962670abcf57832"
      url: "https://pub.dev"
    source: hosted
    version: "1.5.0"
  source_gen_test:
    dependency: transitive
    description:
      name: source_gen_test
      sha256: "0929da347d2dd868fed3a278b52ab4bf4467cff9a8cae40b6abbd6e96e5c4840"
      url: "https://pub.dev"
    source: hosted
    version: "1.0.6"
  source_helper:
    dependency: transitive
    description:
      name: source_helper
      sha256: "6adebc0006c37dd63fe05bca0a929b99f06402fc95aa35bf36d67f5c06de01fd"
      url: "https://pub.dev"
    source: hosted
    version: "1.3.4"
  source_map_stack_trace:
    dependency: transitive
    description:
      name: source_map_stack_trace
      sha256: "84cf769ad83aa6bb61e0aa5a18e53aea683395f196a6f39c4c881fb90ed4f7ae"
      url: "https://pub.dev"
    source: hosted
    version: "2.1.1"
  source_maps:
    dependency: transitive
    description:
      name: source_maps
      sha256: "708b3f6b97248e5781f493b765c3337db11c5d2c81c3094f10904bfa8004c703"
      url: "https://pub.dev"
    source: hosted
    version: "0.10.12"
  source_span:
    dependency: transitive
    description:
      name: source_span
      sha256: "53e943d4206a5e30df338fd4c6e7a077e02254531b138a15aec3bd143c1a8b3c"
      url: "https://pub.dev"
    source: hosted
    version: "1.10.0"
  sprintf:
    dependency: transitive
    description:
      name: sprintf
      sha256: "1fc9ffe69d4df602376b52949af107d8f5703b77cda567c4d7d86a0693120f23"
      url: "https://pub.dev"
    source: hosted
    version: "7.0.0"
  stack_trace:
    dependency: transitive
    description:
      name: stack_trace
      sha256: "73713990125a6d93122541237550ee3352a2d84baad52d375a4cad2eb9b7ce0b"
      url: "https://pub.dev"
    source: hosted
    version: "1.11.1"
  storybook_toolkit:
    dependency: "direct dev"
    description:
      name: storybook_toolkit
      sha256: "66cb18f6c885d8830fedbd8c5a83b6d65eb8fdbf5a90ebd4447ecdf97ad44ae4"
      url: "https://pub.dev"
    source: hosted
    version: "1.2.0"
  storybook_toolkit_tester:
    dependency: "direct dev"
    description:
      name: storybook_toolkit_tester
      sha256: "9681c43e68fcd697bdf77530e26f14134d66b7ed2acd49cf54061eb3dcf5e798"
      url: "https://pub.dev"
    source: hosted
    version: "1.2.0"
  stream_channel:
    dependency: transitive
    description:
      name: stream_channel
      sha256: ba2aa5d8cc609d96bbb2899c28934f9e1af5cddbd60a827822ea467161eb54e7
      url: "https://pub.dev"
    source: hosted
    version: "2.1.2"
  stream_transform:
    dependency: transitive
    description:
      name: stream_transform
      sha256: "14a00e794c7c11aa145a170587321aedce29769c08d7f58b1d141da75e3b1c6f"
      url: "https://pub.dev"
    source: hosted
    version: "2.1.0"
  string_scanner:
    dependency: transitive
    description:
      name: string_scanner
      sha256: "556692adab6cfa87322a115640c11f13cb77b3f076ddcc5d6ae3c20242bedcde"
      url: "https://pub.dev"
    source: hosted
    version: "1.2.0"
  talker:
    dependency: transitive
    description:
      name: talker
      sha256: "3cea253a65cccf9c9e6fd93cd689c870858860fe0b83a8bff0fdd79a132d09ca"
      url: "https://pub.dev"
    source: hosted
    version: "4.3.4"
  talker_dio_logger:
    dependency: "direct main"
    description:
      name: talker_dio_logger
      sha256: "66241efb90eec42f283c70b35e96b644ea822805f9c87da7bb2441054d53cfa8"
      url: "https://pub.dev"
    source: hosted
    version: "4.3.4"
  talker_flutter:
    dependency: "direct main"
    description:
      name: talker_flutter
      sha256: "09cd58b798476789a720cfd3846e5a036ebed73036f2e202dc087cc445cc9088"
      url: "https://pub.dev"
    source: hosted
    version: "4.3.4"
  talker_logger:
    dependency: transitive
    description:
      name: talker_logger
      sha256: ad022c4429efe114512fe3d38f398ccae22281958e02ca1ea9df0ca9967b8e65
      url: "https://pub.dev"
    source: hosted
    version: "4.3.4"
  term_glyph:
    dependency: transitive
    description:
      name: term_glyph
      sha256: a29248a84fbb7c79282b40b8c72a1209db169a2e0542bce341da992fe1bc7e84
      url: "https://pub.dev"
    source: hosted
    version: "1.2.1"
  test:
    dependency: transitive
    description:
      name: test
      sha256: "7ee446762c2c50b3bd4ea96fe13ffac69919352bd3b4b17bac3f3465edc58073"
      url: "https://pub.dev"
    source: hosted
    version: "1.25.2"
  test_api:
    dependency: transitive
    description:
      name: test_api
      sha256: "9955ae474176f7ac8ee4e989dadfb411a58c30415bcfb648fa04b2b8a03afa7f"
      url: "https://pub.dev"
    source: hosted
    version: "0.7.0"
  test_core:
    dependency: transitive
    description:
      name: test_core
      sha256: "2bc4b4ecddd75309300d8096f781c0e3280ca1ef85beda558d33fcbedc2eead4"
      url: "https://pub.dev"
    source: hosted
    version: "0.6.0"
  theme_mode_handler:
    dependency: "direct main"
    description:
      name: theme_mode_handler
      sha256: "06b08e58e66f80b89c4945a5883a85f7ceeb040056e8c559e1ccc0f2509309d5"
      url: "https://pub.dev"
    source: hosted
    version: "3.0.0"
  theme_tailor:
    dependency: "direct dev"
    description:
      name: theme_tailor
      sha256: "176c88b37f56996c2dc7b9e426a2db6fd66f95e1454288f7205ea4faa9380a3a"
      url: "https://pub.dev"
    source: hosted
    version: "3.0.1"
  theme_tailor_annotation:
    dependency: "direct main"
    description:
      name: theme_tailor_annotation
      sha256: "2990264653b700c7eece3557a5fe5f999cdcd32981aed67023a66004943db08d"
      url: "https://pub.dev"
    source: hosted
    version: "3.0.1"
  timing:
    dependency: transitive
    description:
      name: timing
      sha256: "70a3b636575d4163c477e6de42f247a23b315ae20e86442bebe32d3cabf61c32"
      url: "https://pub.dev"
    source: hosted
    version: "1.0.1"
  typed_data:
    dependency: transitive
    description:
      name: typed_data
      sha256: facc8d6582f16042dd49f2463ff1bd6e2c9ef9f3d5da3d9b087e244a7b564b3c
      url: "https://pub.dev"
    source: hosted
    version: "1.3.2"
  url_launcher:
    dependency: "direct main"
    description:
      name: url_launcher
      sha256: "21b704ce5fa560ea9f3b525b43601c678728ba46725bab9b01187b4831377ed3"
      url: "https://pub.dev"
    source: hosted
    version: "6.3.0"
  url_launcher_android:
    dependency: transitive
    description:
      name: url_launcher_android
      sha256: "678979703e10d7862c551c736fe6b9f185261bddf141b46672063b99790bc700"
      url: "https://pub.dev"
    source: hosted
    version: "6.3.7"
  url_launcher_ios:
    dependency: transitive
    description:
      name: url_launcher_ios
      sha256: e43b677296fadce447e987a2f519dcf5f6d1e527dc35d01ffab4fff5b8a7063e
      url: "https://pub.dev"
    source: hosted
    version: "6.3.1"
  url_launcher_linux:
    dependency: transitive
    description:
      name: url_launcher_linux
      sha256: ab360eb661f8879369acac07b6bb3ff09d9471155357da8443fd5d3cf7363811
      url: "https://pub.dev"
    source: hosted
    version: "3.1.1"
  url_launcher_macos:
    dependency: transitive
    description:
      name: url_launcher_macos
      sha256: "9a1a42d5d2d95400c795b2914c36fdcb525870c752569438e4ebb09a2b5d90de"
      url: "https://pub.dev"
    source: hosted
    version: "3.2.0"
  url_launcher_platform_interface:
    dependency: transitive
    description:
      name: url_launcher_platform_interface
      sha256: "552f8a1e663569be95a8190206a38187b531910283c3e982193e4f2733f01029"
      url: "https://pub.dev"
    source: hosted
    version: "2.3.2"
  url_launcher_web:
    dependency: transitive
    description:
      name: url_launcher_web
      sha256: "8d9e750d8c9338601e709cd0885f95825086bd8b642547f26bda435aade95d8a"
      url: "https://pub.dev"
    source: hosted
    version: "2.3.1"
  url_launcher_windows:
    dependency: transitive
    description:
      name: url_launcher_windows
      sha256: "49c10f879746271804767cb45551ec5592cdab00ee105c06dddde1a98f73b185"
      url: "https://pub.dev"
    source: hosted
    version: "3.1.2"
  uuid:
    dependency: transitive
    description:
      name: uuid
      sha256: "83d37c7ad7aaf9aa8e275490669535c8080377cfa7a7004c24dfac53afffaa90"
      url: "https://pub.dev"
    source: hosted
    version: "4.4.2"
  vader_popup:
    dependency: "direct main"
    description:
      name: vader_popup
      sha256: "8c085a839364bcf6e2295d18828c8e64b8c265117af3fc7b6f0a7de2d63d9965"
      url: "https://pub.dev"
    source: hosted
    version: "0.1.2"
  vector_math:
    dependency: transitive
    description:
      name: vector_math
      sha256: "80b3257d1492ce4d091729e3a67a60407d227c27241d6927be0130c98e741803"
      url: "https://pub.dev"
    source: hosted
    version: "2.1.4"
  vm_service:
    dependency: transitive
    description:
      name: vm_service
      sha256: "3923c89304b715fb1eb6423f017651664a03bf5f4b29983627c4da791f74a4ec"
      url: "https://pub.dev"
    source: hosted
    version: "14.2.1"
  watcher:
    dependency: transitive
    description:
      name: watcher
      sha256: "3d2ad6751b3c16cf07c7fca317a1413b3f26530319181b37e3b9039b84fc01d8"
      url: "https://pub.dev"
    source: hosted
    version: "1.1.0"
  web:
    dependency: transitive
    description:
      name: web
      sha256: "97da13628db363c635202ad97068d47c5b8aa555808e7a9411963c533b449b27"
      url: "https://pub.dev"
    source: hosted
    version: "0.5.1"
  web_socket_channel:
    dependency: transitive
    description:
      name: web_socket_channel
      sha256: "58c6666b342a38816b2e7e50ed0f1e261959630becd4c879c4f26bfa14aa5a42"
      url: "https://pub.dev"
    source: hosted
    version: "2.4.5"
  webkit_inspection_protocol:
    dependency: transitive
    description:
      name: webkit_inspection_protocol
      sha256: "87d3f2333bb240704cd3f1c6b5b7acd8a10e7f0bc28c28dcf14e782014f4a572"
      url: "https://pub.dev"
    source: hosted
    version: "1.2.1"
  win32:
    dependency: transitive
    description:
      name: win32
      sha256: a79dbe579cb51ecd6d30b17e0cae4e0ea15e2c0e66f69ad4198f22a6789e94f4
      url: "https://pub.dev"
    source: hosted
    version: "5.5.1"
  win32_registry:
    dependency: transitive
    description:
      name: win32_registry
      sha256: "723b7f851e5724c55409bb3d5a32b203b3afe8587eaf5dafb93a5fed8ecda0d6"
      url: "https://pub.dev"
    source: hosted
    version: "1.1.4"
  xdg_directories:
    dependency: transitive
    description:
      name: xdg_directories
      sha256: faea9dee56b520b55a566385b84f2e8de55e7496104adada9962e0bd11bcff1d
      url: "https://pub.dev"
    source: hosted
    version: "1.0.4"
  xml:
    dependency: transitive
    description:
      name: xml
      sha256: b015a8ad1c488f66851d762d3090a21c600e479dc75e68328c52774040cf9226
      url: "https://pub.dev"
    source: hosted
    version: "6.5.0"
  yaml:
    dependency: transitive
    description:
      name: yaml
      sha256: "75769501ea3489fca56601ff33454fe45507ea3bfb014161abc3b43ae25989d5"
      url: "https://pub.dev"
    source: hosted
    version: "3.1.2"
sdks:
  dart: ">=3.4.0 <4.0.0"
  flutter: ">=3.22.0"
