PODS:
  - awesome_notifications (0.9.3):
    - Flutter
    - IosAwnCore (~> 0.9.3)
  - awesome_notifications_core (0.0.1):
    - Flutter
  - connectivity_plus (0.0.1):
    - Flutter
    - ReachabilitySwift
  - device_info_plus (0.0.1):
    - Flutter
  - Flutter (1.0.0)
  - flutter_keyboard_visibility (0.0.1):
    - Flutter
  - flutter_secure_storage (6.0.0):
    - Flutter
  - IosAwnCore (0.9.3)
  - JNKeychain (0.1.4)
  - mobile_device_identifier (0.0.1):
    - Flutter
    - JNKeychain
  - network_info_plus (0.0.1):
    - Flutter
  - package_info_plus (0.4.5):
    - Flutter
  - path_provider_foundation (0.0.1):
    - Flutter
    - FlutterMacOS
  - ReachabilitySwift (5.2.1)
  - Sentry/HybridSDK (8.21.0):
    - SentryPrivate (= 8.21.0)
  - sentry_flutter (7.19.0):
    - Flutter
    - FlutterMacOS
    - Sentry/HybridSDK (= 8.21.0)
  - SentryPrivate (8.21.0)
  - share_plus (0.0.1):
    - Flutter
  - url_launcher_ios (0.0.1):
    - Flutter

DEPENDENCIES:
  - awesome_notifications (from `.symlinks/plugins/awesome_notifications/ios`)
  - awesome_notifications_core (from `.symlinks/plugins/awesome_notifications_core/ios`)
  - connectivity_plus (from `.symlinks/plugins/connectivity_plus/ios`)
  - device_info_plus (from `.symlinks/plugins/device_info_plus/ios`)
  - Flutter (from `Flutter`)
  - flutter_keyboard_visibility (from `.symlinks/plugins/flutter_keyboard_visibility/ios`)
  - flutter_secure_storage (from `.symlinks/plugins/flutter_secure_storage/ios`)
  - mobile_device_identifier (from `.symlinks/plugins/mobile_device_identifier/ios`)
  - network_info_plus (from `.symlinks/plugins/network_info_plus/ios`)
  - package_info_plus (from `.symlinks/plugins/package_info_plus/ios`)
  - path_provider_foundation (from `.symlinks/plugins/path_provider_foundation/darwin`)
  - sentry_flutter (from `.symlinks/plugins/sentry_flutter/ios`)
  - share_plus (from `.symlinks/plugins/share_plus/ios`)
  - url_launcher_ios (from `.symlinks/plugins/url_launcher_ios/ios`)

SPEC REPOS:
  trunk:
    - IosAwnCore
    - JNKeychain
    - ReachabilitySwift
    - Sentry
    - SentryPrivate

EXTERNAL SOURCES:
  awesome_notifications:
    :path: ".symlinks/plugins/awesome_notifications/ios"
  awesome_notifications_core:
    :path: ".symlinks/plugins/awesome_notifications_core/ios"
  connectivity_plus:
    :path: ".symlinks/plugins/connectivity_plus/ios"
  device_info_plus:
    :path: ".symlinks/plugins/device_info_plus/ios"
  Flutter:
    :path: Flutter
  flutter_keyboard_visibility:
    :path: ".symlinks/plugins/flutter_keyboard_visibility/ios"
  flutter_secure_storage:
    :path: ".symlinks/plugins/flutter_secure_storage/ios"
  mobile_device_identifier:
    :path: ".symlinks/plugins/mobile_device_identifier/ios"
  network_info_plus:
    :path: ".symlinks/plugins/network_info_plus/ios"
  package_info_plus:
    :path: ".symlinks/plugins/package_info_plus/ios"
  path_provider_foundation:
    :path: ".symlinks/plugins/path_provider_foundation/darwin"
  sentry_flutter:
    :path: ".symlinks/plugins/sentry_flutter/ios"
  share_plus:
    :path: ".symlinks/plugins/share_plus/ios"
  url_launcher_ios:
    :path: ".symlinks/plugins/url_launcher_ios/ios"

SPEC CHECKSUMS:
  awesome_notifications: 66d28ab7174ca2823b04d275cb043e0a4a3eb9cf
  awesome_notifications_core: d02eed89738fa362d56cbd372850e9adcd2c6bef
  connectivity_plus: bf0076dd84a130856aa636df1c71ccaff908fa1d
  device_info_plus: c6fb39579d0f423935b0c9ce7ee2f44b71b9fce6
  Flutter: e0871f40cf51350855a761d2e70bf5af5b9b5de7
  flutter_keyboard_visibility: 0339d06371254c3eb25eeb90ba8d17dca8f9c069
  flutter_secure_storage: d33dac7ae2ea08509be337e775f6b59f1ff45f12
  IosAwnCore: b8601fbb37f7b3560f31b84ebf55a72f65812e05
  JNKeychain: fb6cc9ec95959ba46cd95d0ee6f7a05e41da9f42
  mobile_device_identifier: 34f80c8985bb1506880c2ae10cb24cfb9918f1a7
  network_info_plus: 6d0c3eb8367b8164fa3fb0c19875e3f59d49697f
  package_info_plus: 115f4ad11e0698c8c1c5d8a689390df880f47e85
  path_provider_foundation: 3784922295ac71e43754bd15e0653ccfd36a147c
  ReachabilitySwift: 5ae15e16814b5f9ef568963fb2c87aeb49158c66
  Sentry: ebc12276bd17613a114ab359074096b6b3725203
  sentry_flutter: 88ebea3f595b0bc16acc5bedacafe6d60c12dcd5
  SentryPrivate: d651efb234cf385ec9a1cdd3eff94b5e78a0e0fe
  share_plus: c3fef564749587fc939ef86ffb283ceac0baf9f5
  url_launcher_ios: 6116280ddcfe98ab8820085d8d76ae7449447586

PODFILE CHECKSUM: e266b1465ec6eb9f4d984d482fdf422826286aba

COCOAPODS: 1.15.2
